
Microsoft Visual Studio Solution File, Format Version 12.00
# Visual Studio Version 17
VisualStudioVersion = 17.5.33516.290
MinimumVisualStudioVersion = 10.0.40219.1
Project("{9A19103F-16F7-4668-BE54-9A1E7A4F7556}") = "RoadStat", "RoadStat.csproj", "{7807212A-8ADA-4427-83D8-490922398FDD}"
EndProject
Project("{9A19103F-16F7-4668-BE54-9A1E7A4F7556}") = "RoadStat.Tests", "..\RoadStat.Tests\RoadStat.Tests.csproj", "{04F3CA9A-E6E2-494C-9AD3-0B9954160813}"
EndProject
Project("{9A19103F-16F7-4668-BE54-9A1E7A4F7556}") = "RoadStat.Core", "..\RoadStat.Core\RoadStat.Core.csproj", "{B01D1365-9A82-42E6-AB1C-6B9828D4947C}"
EndProject
Project("{9A19103F-16F7-4668-BE54-9A1E7A4F7556}") = "RoadStat.Data", "..\RoadStat.Data\RoadStat.Data.csproj", "{F49D0C46-6996-4105-A1EE-C6E289459531}"
EndProject
Project("{9A19103F-16F7-4668-BE54-9A1E7A4F7556}") = "RoadStat.Services", "..\RoadStat.Services\RoadStat.Services.csproj", "{4A16570D-DFD3-4827-8903-B0EF1AD4A7AF}"
EndProject
Global
	GlobalSection(SolutionConfigurationPlatforms) = preSolution
		Debug|Any CPU = Debug|Any CPU
		Release|Any CPU = Release|Any CPU
	EndGlobalSection
	GlobalSection(ProjectConfigurationPlatforms) = postSolution
		{7807212A-8ADA-4427-83D8-490922398FDD}.Debug|Any CPU.ActiveCfg = Debug|Any CPU
		{7807212A-8ADA-4427-83D8-490922398FDD}.Debug|Any CPU.Build.0 = Debug|Any CPU
		{7807212A-8ADA-4427-83D8-490922398FDD}.Release|Any CPU.ActiveCfg = Release|Any CPU
		{7807212A-8ADA-4427-83D8-490922398FDD}.Release|Any CPU.Build.0 = Release|Any CPU
		{04F3CA9A-E6E2-494C-9AD3-0B9954160813}.Debug|Any CPU.ActiveCfg = Debug|Any CPU
		{04F3CA9A-E6E2-494C-9AD3-0B9954160813}.Debug|Any CPU.Build.0 = Debug|Any CPU
		{04F3CA9A-E6E2-494C-9AD3-0B9954160813}.Release|Any CPU.ActiveCfg = Release|Any CPU
		{04F3CA9A-E6E2-494C-9AD3-0B9954160813}.Release|Any CPU.Build.0 = Release|Any CPU
		{B01D1365-9A82-42E6-AB1C-6B9828D4947C}.Debug|Any CPU.ActiveCfg = Debug|Any CPU
		{B01D1365-9A82-42E6-AB1C-6B9828D4947C}.Debug|Any CPU.Build.0 = Debug|Any CPU
		{B01D1365-9A82-42E6-AB1C-6B9828D4947C}.Release|Any CPU.ActiveCfg = Release|Any CPU
		{B01D1365-9A82-42E6-AB1C-6B9828D4947C}.Release|Any CPU.Build.0 = Release|Any CPU
		{F49D0C46-6996-4105-A1EE-C6E289459531}.Debug|Any CPU.ActiveCfg = Debug|Any CPU
		{F49D0C46-6996-4105-A1EE-C6E289459531}.Debug|Any CPU.Build.0 = Debug|Any CPU
		{F49D0C46-6996-4105-A1EE-C6E289459531}.Release|Any CPU.ActiveCfg = Release|Any CPU
		{F49D0C46-6996-4105-A1EE-C6E289459531}.Release|Any CPU.Build.0 = Release|Any CPU
		{4A16570D-DFD3-4827-8903-B0EF1AD4A7AF}.Debug|Any CPU.ActiveCfg = Debug|Any CPU
		{4A16570D-DFD3-4827-8903-B0EF1AD4A7AF}.Debug|Any CPU.Build.0 = Debug|Any CPU
		{4A16570D-DFD3-4827-8903-B0EF1AD4A7AF}.Release|Any CPU.ActiveCfg = Release|Any CPU
		{4A16570D-DFD3-4827-8903-B0EF1AD4A7AF}.Release|Any CPU.Build.0 = Release|Any CPU
	EndGlobalSection
	GlobalSection(SolutionProperties) = preSolution
		HideSolutionNode = FALSE
	EndGlobalSection
	GlobalSection(ExtensibilityGlobals) = postSolution
		SolutionGuid = {68D351F3-D34B-4BB7-A994-D696529FAF28}
	EndGlobalSection
EndGlobal
